
Microsoft Visual Studio Solution File, Format Version 12.00
# Visual Studio Version 17
VisualStudioVersion = 17.5.33414.496
MinimumVisualStudioVersion = 10.0.40219.1
Project("{FAE04EC0-301F-11D3-BF4B-00C04F79EFBC}") = "Picturelab3", "Picturelab3.csproj", "{31029529-9F57-4588-9CE6-18D2558D180C}"
EndProject
Global
	GlobalSection(SolutionConfigurationPlatforms) = preSolution
		Debug|Any CPU = Debug|Any CPU
		Release|Any CPU = Release|Any CPU
	EndGlobalSection
	GlobalSection(ProjectConfigurationPlatforms) = postSolution
		{31029529-9F57-4588-9CE6-18D2558D180C}.Debug|Any CPU.ActiveCfg = Debug|Any CPU
		{31029529-9F57-4588-9CE6-18D2558D180C}.Debug|Any CPU.Build.0 = Debug|Any CPU
		{31029529-9F57-4588-9CE6-18D2558D180C}.Release|Any CPU.ActiveCfg = Release|Any CPU
		{31029529-9F57-4588-9CE6-18D2558D180C}.Release|Any CPU.Build.0 = Release|Any CPU
	EndGlobalSection
	GlobalSection(SolutionProperties) = preSolution
		HideSolutionNode = FALSE
	EndGlobalSection
	GlobalSection(ExtensibilityGlobals) = postSolution
		SolutionGuid = {10C4AFE8-3323-4A0C-A940-3D41E1BFADEB}
	EndGlobalSection
EndGlobal
