
Microsoft Visual Studio Solution File, Format Version 12.00
# Visual Studio Version 17
VisualStudioVersion = 17.5.33414.496
MinimumVisualStudioVersion = 10.0.40219.1
Project("{9A19103F-16F7-4668-BE54-9A1E7A4F7556}") = "JSON", "JSON.csproj", "{94BCCD78-A5AE-4596-863E-2DEED51DD19C}"
EndProject
Project("{2150E333-8FDC-42A3-9474-1A3956D46DE8}") = "Элементы решения", "Элементы решения", "{FF85150D-4849-4DA3-B347-8B2605333202}"
	ProjectSection(SolutionItems) = preProject
		1.json = 1.json
	EndProjectSection
EndProject
Global
	GlobalSection(SolutionConfigurationPlatforms) = preSolution
		Debug|Any CPU = Debug|Any CPU
		Release|Any CPU = Release|Any CPU
	EndGlobalSection
	GlobalSection(ProjectConfigurationPlatforms) = postSolution
		{94BCCD78-A5AE-4596-863E-2DEED51DD19C}.Debug|Any CPU.ActiveCfg = Debug|Any CPU
		{94BCCD78-A5AE-4596-863E-2DEED51DD19C}.Debug|Any CPU.Build.0 = Debug|Any CPU
		{94BCCD78-A5AE-4596-863E-2DEED51DD19C}.Release|Any CPU.ActiveCfg = Release|Any CPU
		{94BCCD78-A5AE-4596-863E-2DEED51DD19C}.Release|Any CPU.Build.0 = Release|Any CPU
	EndGlobalSection
	GlobalSection(SolutionProperties) = preSolution
		HideSolutionNode = FALSE
	EndGlobalSection
	GlobalSection(ExtensibilityGlobals) = postSolution
		SolutionGuid = {F14399A9-B4E8-4B3F-9EA1-C9AEBC2B7D17}
	EndGlobalSection
EndGlobal
